# This file is automatically @generated by Cargo.
# It is not intended for manual editing.
[[package]]
name = "generator"
version = "0.1.0"
dependencies = [
 "mmk_parser",
 "textwrap",
]

[[package]]
name = "mmk_parser"
version = "0.1.0"
dependencies = [
 "textwrap",
]

[[package]]
name = "textwrap"
version = "0.12.1"
source = "registry+https://github.com/rust-lang/crates.io-index"
checksum = "203008d98caf094106cfaba70acfed15e18ed3ddb7d94e49baec153a2b462789"
dependencies = [
 "unicode-width",
]

[[package]]
name = "unicode-width"
version = "0.1.8"
source = "registry+https://github.com/rust-lang/crates.io-index"
checksum = "9337591893a19b88d8d87f2cec1e73fad5cdfd10e5a6f349f498ad6ea2ffb1e3"
